<Solution>
  <Project Path="Abstracciones/Abstracciones.csproj" Id="6aee0d92-03a5-46e2-bdb7-997861bc0d1f" />
  <Project Path="API/API.csproj" Id="991e12fa-523d-42c8-a0cc-783c5bd8efd2" />
  <Project Path="BD/BD.sqlproj">
    <Build />
    <Deploy />
  </Project>
  <Project Path="DA/DA.csproj" Id="dbb14b47-cfc8-4b88-b72c-aeadedac27f3" />
  <Project Path="Flujo/Flujo.csproj" Id="bd682faa-4339-4b75-bd49-d1c1b6a139ae" />
  <Project Path="Reglas/Reglas.csproj" Id="fd7a6d66-bc8e-47b3-8d8a-29deac829fe3" />
</Solution>
